
Microsoft Visual Studio Solution File, Format Version 12.00
# Visual Studio Version 16
VisualStudioVersion = 16.0.30223.230
MinimumVisualStudioVersion = 10.0.40219.1
Project("{888888A0-9F3D-457C-B088-3A5042F75D52}") = "BotacsPro", "BotacsPro\BotacsPro.pyproj", "{3ED63314-062F-4989-B672-3F0E5E6D6938}"
EndProject
Global
	GlobalSection(SolutionConfigurationPlatforms) = preSolution
		Debug|Any CPU = Debug|Any CPU
		Release|Any CPU = Release|Any CPU
	EndGlobalSection
	GlobalSection(ProjectConfigurationPlatforms) = postSolution
		{3ED63314-062F-4989-B672-3F0E5E6D6938}.Debug|Any CPU.ActiveCfg = Debug|Any CPU
		{3ED63314-062F-4989-B672-3F0E5E6D6938}.Release|Any CPU.ActiveCfg = Release|Any CPU
	EndGlobalSection
	GlobalSection(SolutionProperties) = preSolution
		HideSolutionNode = FALSE
	EndGlobalSection
	GlobalSection(ExtensibilityGlobals) = postSolution
		SolutionGuid = {4990BFC3-6ADC-42E6-8317-9727C3BCFBAA}
	EndGlobalSection
EndGlobal
